
Microsoft Visual Studio Solution File, Format Version 12.00
# Visual Studio 15
VisualStudioVersion = 15.0.27703.2035
MinimumVisualStudioVersion = 10.0.40219.1
Project("{FAE04EC0-301F-11D3-BF4B-00C04F79EFBC}") = "LinkHubUI", "LinkHubUI\LinkHubUI.csproj", "{060F85BF-E835-4AC4-91EF-92EECF34FAFB}"
EndProject
Project("{FAE04EC0-301F-11D3-BF4B-00C04F79EFBC}") = "BOL", "BOL\BOL.csproj", "{2FD3CE80-8696-4B46-B674-90BC7FA357B1}"
EndProject
Project("{FAE04EC0-301F-11D3-BF4B-00C04F79EFBC}") = "BLL", "BLL\BLL.csproj", "{12448D0B-406C-488F-831A-526BCA523F7F}"
EndProject
Project("{FAE04EC0-301F-11D3-BF4B-00C04F79EFBC}") = "DLL", "DLL\DLL.csproj", "{1321F5A8-BB96-42DD-BE2F-C7A0691865DC}"
EndProject
Global
	GlobalSection(SolutionConfigurationPlatforms) = preSolution
		Debug|Any CPU = Debug|Any CPU
		Release|Any CPU = Release|Any CPU
	EndGlobalSection
	GlobalSection(ProjectConfigurationPlatforms) = postSolution
		{060F85BF-E835-4AC4-91EF-92EECF34FAFB}.Debug|Any CPU.ActiveCfg = Debug|Any CPU
		{060F85BF-E835-4AC4-91EF-92EECF34FAFB}.Debug|Any CPU.Build.0 = Debug|Any CPU
		{060F85BF-E835-4AC4-91EF-92EECF34FAFB}.Release|Any CPU.ActiveCfg = Release|Any CPU
		{060F85BF-E835-4AC4-91EF-92EECF34FAFB}.Release|Any CPU.Build.0 = Release|Any CPU
		{2FD3CE80-8696-4B46-B674-90BC7FA357B1}.Debug|Any CPU.ActiveCfg = Debug|Any CPU
		{2FD3CE80-8696-4B46-B674-90BC7FA357B1}.Debug|Any CPU.Build.0 = Debug|Any CPU
		{2FD3CE80-8696-4B46-B674-90BC7FA357B1}.Release|Any CPU.ActiveCfg = Release|Any CPU
		{2FD3CE80-8696-4B46-B674-90BC7FA357B1}.Release|Any CPU.Build.0 = Release|Any CPU
		{12448D0B-406C-488F-831A-526BCA523F7F}.Debug|Any CPU.ActiveCfg = Debug|Any CPU
		{12448D0B-406C-488F-831A-526BCA523F7F}.Debug|Any CPU.Build.0 = Debug|Any CPU
		{12448D0B-406C-488F-831A-526BCA523F7F}.Release|Any CPU.ActiveCfg = Release|Any CPU
		{12448D0B-406C-488F-831A-526BCA523F7F}.Release|Any CPU.Build.0 = Release|Any CPU
		{1321F5A8-BB96-42DD-BE2F-C7A0691865DC}.Debug|Any CPU.ActiveCfg = Debug|Any CPU
		{1321F5A8-BB96-42DD-BE2F-C7A0691865DC}.Debug|Any CPU.Build.0 = Debug|Any CPU
		{1321F5A8-BB96-42DD-BE2F-C7A0691865DC}.Release|Any CPU.ActiveCfg = Release|Any CPU
		{1321F5A8-BB96-42DD-BE2F-C7A0691865DC}.Release|Any CPU.Build.0 = Release|Any CPU
	EndGlobalSection
	GlobalSection(SolutionProperties) = preSolution
		HideSolutionNode = FALSE
	EndGlobalSection
	GlobalSection(ExtensibilityGlobals) = postSolution
		SolutionGuid = {31CCBA9F-C576-44E5-A44D-991B6AE4019B}
	EndGlobalSection
EndGlobal
